
Microsoft Visual Studio Solution File, Format Version 12.00
# Visual Studio Version 17
VisualStudioVersion = 17.13.35806.99 d17.13
MinimumVisualStudioVersion = 10.0.40219.1
Project("{FAE04EC0-301F-11D3-BF4B-00C04F79EFBC}") = "Minh_Test", "Minh_Test\Minh_Test.csproj", "{11DD10CD-8BFD-4C60-B9A3-E9391D3D7AEB}"
EndProject
Global
	GlobalSection(SolutionConfigurationPlatforms) = preSolution
		Debug|Any CPU = Debug|Any CPU
		Release|Any CPU = Release|Any CPU
	EndGlobalSection
	GlobalSection(ProjectConfigurationPlatforms) = postSolution
		{11DD10CD-8BFD-4C60-B9A3-E9391D3D7AEB}.Debug|Any CPU.ActiveCfg = Debug|Any CPU
		{11DD10CD-8BFD-4C60-B9A3-E9391D3D7AEB}.Debug|Any CPU.Build.0 = Debug|Any CPU
		{11DD10CD-8BFD-4C60-B9A3-E9391D3D7AEB}.Release|Any CPU.ActiveCfg = Release|Any CPU
		{11DD10CD-8BFD-4C60-B9A3-E9391D3D7AEB}.Release|Any CPU.Build.0 = Release|Any CPU
	EndGlobalSection
	GlobalSection(SolutionProperties) = preSolution
		HideSolutionNode = FALSE
	EndGlobalSection
	GlobalSection(ExtensibilityGlobals) = postSolution
		SolutionGuid = {69A86E4E-CA8E-4DB9-BEEF-E067BDFD3B4C}
	EndGlobalSection
EndGlobal
